PODS:
  - libPhoneNumber-iOS (0.9.13)
  - Medable (1.9.22)
  - zxcvbn-ios (1.0.4)

DEPENDENCIES:
  - libPhoneNumber-iOS
  - Medable
  - zxcvbn-ios

SPEC CHECKSUMS:
  libPhoneNumber-iOS: e444379ac18bbfbdefad571da735b2cd7e096caa
  Medable: 53b97747d750a056c1fcd9ed0446ae864de76701
  zxcvbn-ios: fef98b7c80f1512ff0eec47ac1fa399fc00f7e3c

PODFILE CHECKSUM: f632116708de4310674373a47de75a0498cc6bd0

COCOAPODS: 1.3.1
