// !$*UTF8*$!
{
	archiveVersion = 1;
	classes = {
	};
	objectVersion = 48;
	objects = {

/* Begin PBXBuildFile section */
		3A3C40952087C76B0082A44C /* AppDelegate.swift in Sources */ = {isa = PBXBuildFile; fileRef = 3A3C40942087C76B0082A44C /* AppDelegate.swift */; };
		3A3C40972087C76B0082A44C /* RegistrationTableViewController.swift in Sources */ = {isa = PBXBuildFile; fileRef = 3A3C40962087C76B0082A44C /* RegistrationTableViewController.swift */; };
		3A3C409A2087C76B0082A44C /* Main.storyboard in Resources */ = {isa = PBXBuildFile; fileRef = 3A3C40982087C76B0082A44C /* Main.storyboard */; };
		3A3C409C2087C76B0082A44C /* Assets.xcassets in Resources */ = {isa = PBXBuildFile; fileRef = 3A3C409B2087C76B0082A44C /* Assets.xcassets */; };
		3A3C409F2087C76B0082A44C /* LaunchScreen.storyboard in Resources */ = {isa = PBXBuildFile; fileRef = 3A3C409D2087C76B0082A44C /* LaunchScreen.storyboard */; };
		3A3C40AA2087C76B0082A44C /* MedableSandboxTests.swift in Sources */ = {isa = PBXBuildFile; fileRef = 3A3C40A92087C76B0082A44C /* MedableSandboxTests.swift */; };
		3A3C40B52087C76B0082A44C /* MedableSandboxUITests.swift in Sources */ = {isa = PBXBuildFile; fileRef = 3A3C40B42087C76B0082A44C /* MedableSandboxUITests.swift */; };
		3A7351E5208F9CEF002B98C4 /* LoginTableViewController.swift in Sources */ = {isa = PBXBuildFile; fileRef = 3A7351E4208F9CEF002B98C4 /* LoginTableViewController.swift */; };
		3A7351E72093A8C7002B98C4 /* ActivityService.swift in Sources */ = {isa = PBXBuildFile; fileRef = 3A7351E62093A8C7002B98C4 /* ActivityService.swift */; };
		3A73520A2093B5A5002B98C4 /* HealthKit.framework in Frameworks */ = {isa = PBXBuildFile; fileRef = 3A7352092093B5A5002B98C4 /* HealthKit.framework */; };
		3A73521A2093C3CC002B98C4 /* CarePlanStoreManager.swift in Sources */ = {isa = PBXBuildFile; fileRef = 3A7352192093C3CB002B98C4 /* CarePlanStoreManager.swift */; };
		3A99F36A20974EB1004921E9 /* CareKit.framework in Frameworks */ = {isa = PBXBuildFile; fileRef = 3A99F36720974E84004921E9 /* CareKit.framework */; };
		3A99F36B20974EB1004921E9 /* CareKit.framework in Embed Frameworks */ = {isa = PBXBuildFile; fileRef = 3A99F36720974E84004921E9 /* CareKit.framework */; settings = {ATTRIBUTES = (CodeSignOnCopy, RemoveHeadersOnCopy, ); }; };
		3A99F38320979303004921E9 /* OCKInsightItem.swift in Sources */ = {isa = PBXBuildFile; fileRef = 3A99F38220979303004921E9 /* OCKInsightItem.swift */; };
		3AD8B624209798A1006095F3 /* InsightsDataManager.swift in Sources */ = {isa = PBXBuildFile; fileRef = 3AD8B623209798A1006095F3 /* InsightsDataManager.swift */; };
		3AD8B626209A01BC006095F3 /* TabBarViewController.swift in Sources */ = {isa = PBXBuildFile; fileRef = 3AD8B625209A01BC006095F3 /* TabBarViewController.swift */; };
		3AD8B628209A01F5006095F3 /* AssessmentTaskFactory.swift in Sources */ = {isa = PBXBuildFile; fileRef = 3AD8B627209A01F5006095F3 /* AssessmentTaskFactory.swift */; };
		4C13A7BF209632C600C04EB4 /* NSDateComponents.swift in Sources */ = {isa = PBXBuildFile; fileRef = 4C13A7BD209632C500C04EB4 /* NSDateComponents.swift */; };
		4C13A7C0209632C600C04EB4 /* UIColor.swift in Sources */ = {isa = PBXBuildFile; fileRef = 4C13A7BE209632C600C04EB4 /* UIColor.swift */; };
		7BF20CF9CFCE5BF71F40AC21 /* Pods_MedableSandboxTests.framework in Frameworks */ = {isa = PBXBuildFile; fileRef = EFF0307B274C9732E8E7CD78 /* Pods_MedableSandboxTests.framework */; };
		A284A8543CC8A7C29E803A87 /* Pods_MedableSandbox.framework in Frameworks */ = {isa = PBXBuildFile; fileRef = 02BA44C3C91A83A674CA092D /* Pods_MedableSandbox.framework */; };
		B31C2F0A369AA111F2560887 /* Pods_MedableSandboxUITests.framework in Frameworks */ = {isa = PBXBuildFile; fileRef = 10D9F649C54FB4D0BCAB80F7 /* Pods_MedableSandboxUITests.framework */; };
/* End PBXBuildFile section */

/* Begin PBXContainerItemProxy section */
		3A3C40A62087C76B0082A44C /* PBXContainerItemProxy */ = {
			isa = PBXContainerItemProxy;
			containerPortal = 3A3C40892087C76A0082A44C /* Project object */;
			proxyType = 1;
			remoteGlobalIDString = 3A3C40902087C76B0082A44C;
			remoteInfo = MedableSandbox;
		};
		3A3C40B12087C76B0082A44C /* PBXContainerItemProxy */ = {
			isa = PBXContainerItemProxy;
			containerPortal = 3A3C40892087C76A0082A44C /* Project object */;
			proxyType = 1;
			remoteGlobalIDString = 3A3C40902087C76B0082A44C;
			remoteInfo = MedableSandbox;
		};
		3A99F36620974E84004921E9 /* PBXContainerItemProxy */ = {
			isa = PBXContainerItemProxy;
			containerPortal = 3A99F36020974E84004921E9 /* CareKit.xcodeproj */;
			proxyType = 2;
			remoteGlobalIDString = 8605A5BA1C4F04EC00DD65FF;
			remoteInfo = CareKit;
		};
		3A99F36820974E84004921E9 /* PBXContainerItemProxy */ = {
			isa = PBXContainerItemProxy;
			containerPortal = 3A99F36020974E84004921E9 /* CareKit.xcodeproj */;
			proxyType = 2;
			remoteGlobalIDString = 8605A5C41C4F04EC00DD65FF;
			remoteInfo = CareKitTests;
		};
		3A99F36C20974EB1004921E9 /* PBXContainerItemProxy */ = {
			isa = PBXContainerItemProxy;
			containerPortal = 3A99F36020974E84004921E9 /* CareKit.xcodeproj */;
			proxyType = 1;
			remoteGlobalIDString = 8605A5B91C4F04EC00DD65FF;
			remoteInfo = CareKit;
		};
		3A99F37E209751F4004921E9 /* PBXContainerItemProxy */ = {
			isa = PBXContainerItemProxy;
			containerPortal = 3A99F378209751F3004921E9 /* ResearchKit.xcodeproj */;
			proxyType = 2;
			remoteGlobalIDString = B183A5951A8535D100C76870;
			remoteInfo = ResearchKit;
		};
		3A99F380209751F4004921E9 /* PBXContainerItemProxy */ = {
			isa = PBXContainerItemProxy;
			containerPortal = 3A99F378209751F3004921E9 /* ResearchKit.xcodeproj */;
			proxyType = 2;
			remoteGlobalIDString = 86CC8E9A1AC09332001CCD89;
			remoteInfo = ResearchKitTests;
		};
/* End PBXContainerItemProxy section */

/* Begin PBXCopyFilesBuildPhase section */
		3A7351F62093ADFA002B98C4 /* Embed Frameworks */ = {
			isa = PBXCopyFilesBuildPhase;
			buildActionMask = 2147483647;
			dstPath = "";
			dstSubfolderSpec = 10;
			files = (
				3A99F36B20974EB1004921E9 /* CareKit.framework in Embed Frameworks */,
			);
			name = "Embed Frameworks";
			runOnlyForDeploymentPostprocessing = 0;
		};
/* End PBXCopyFilesBuildPhase section */

/* Begin PBXFileReference section */
		02BA44C3C91A83A674CA092D /* Pods_MedableSandbox.framework */ = {isa = PBXFileReference; explicitFileType = wrapper.framework; includeInIndex = 0; path = Pods_MedableSandbox.framework; sourceTree = BUILT_PRODUCTS_DIR; };
		10D9F649C54FB4D0BCAB80F7 /* Pods_MedableSandboxUITests.framework */ = {isa = PBXFileReference; explicitFileType = wrapper.framework; includeInIndex = 0; path = Pods_MedableSandboxUITests.framework; sourceTree = BUILT_PRODUCTS_DIR; };
		18F5C7D1704B882DA2148D30 /* Pods-MedableSandboxTests.release.xcconfig */ = {isa = PBXFileReference; includeInIndex = 1; lastKnownFileType = text.xcconfig; name = "Pods-MedableSandboxTests.release.xcconfig"; path = "Pods/Target Support Files/Pods-MedableSandboxTests/Pods-MedableSandboxTests.release.xcconfig"; sourceTree = "<group>"; };
		3A3C40912087C76B0082A44C /* MedableSandbox.app */ = {isa = PBXFileReference; explicitFileType = wrapper.application; includeInIndex = 0; path = MedableSandbox.app; sourceTree = BUILT_PRODUCTS_DIR; };
		3A3C40942087C76B0082A44C /* AppDelegate.swift */ = {isa = PBXFileReference; lastKnownFileType = sourcecode.swift; path = AppDelegate.swift; sourceTree = "<group>"; };
		3A3C40962087C76B0082A44C /* RegistrationTableViewController.swift */ = {isa = PBXFileReference; lastKnownFileType = sourcecode.swift; path = RegistrationTableViewController.swift; sourceTree = "<group>"; };
		3A3C40992087C76B0082A44C /* Base */ = {isa = PBXFileReference; lastKnownFileType = file.storyboard; name = Base; path = Base.lproj/Main.storyboard; sourceTree = "<group>"; };
		3A3C409B2087C76B0082A44C /* Assets.xcassets */ = {isa = PBXFileReference; lastKnownFileType = folder.assetcatalog; path = Assets.xcassets; sourceTree = "<group>"; };
		3A3C409E2087C76B0082A44C /* Base */ = {isa = PBXFileReference; lastKnownFileType = file.storyboard; name = Base; path = Base.lproj/LaunchScreen.storyboard; sourceTree = "<group>"; };
		3A3C40A02087C76B0082A44C /* Info.plist */ = {isa = PBXFileReference; lastKnownFileType = text.plist.xml; path = Info.plist; sourceTree = "<group>"; };
		3A3C40A52087C76B0082A44C /* MedableSandboxTests.xctest */ = {isa = PBXFileReference; explicitFileType = wrapper.cfbundle; includeInIndex = 0; path = MedableSandboxTests.xctest; sourceTree = BUILT_PRODUCTS_DIR; };
		3A3C40A92087C76B0082A44C /* MedableSandboxTests.swift */ = {isa = PBXFileReference; lastKnownFileType = sourcecode.swift; path = MedableSandboxTests.swift; sourceTree = "<group>"; };
		3A3C40AB2087C76B0082A44C /* Info.plist */ = {isa = PBXFileReference; lastKnownFileType = text.plist.xml; path = Info.plist; sourceTree = "<group>"; };
		3A3C40B02087C76B0082A44C /* MedableSandboxUITests.xctest */ = {isa = PBXFileReference; explicitFileType = wrapper.cfbundle; includeInIndex = 0; path = MedableSandboxUITests.xctest; sourceTree = BUILT_PRODUCTS_DIR; };
		3A3C40B42087C76B0082A44C /* MedableSandboxUITests.swift */ = {isa = PBXFileReference; lastKnownFileType = sourcecode.swift; path = MedableSandboxUITests.swift; sourceTree = "<group>"; };
		3A3C40B62087C76B0082A44C /* Info.plist */ = {isa = PBXFileReference; lastKnownFileType = text.plist.xml; path = Info.plist; sourceTree = "<group>"; };
		3A3C40C22087D9860082A44C /* MedableSandbox-Bridging-Header.h */ = {isa = PBXFileReference; lastKnownFileType = sourcecode.c.h; path = "MedableSandbox-Bridging-Header.h"; sourceTree = "<group>"; };
		3A7351E4208F9CEF002B98C4 /* LoginTableViewController.swift */ = {isa = PBXFileReference; lastKnownFileType = sourcecode.swift; path = LoginTableViewController.swift; sourceTree = "<group>"; };
		3A7351E62093A8C7002B98C4 /* ActivityService.swift */ = {isa = PBXFileReference; lastKnownFileType = sourcecode.swift; path = ActivityService.swift; sourceTree = "<group>"; };
		3A7352092093B5A5002B98C4 /* HealthKit.framework */ = {isa = PBXFileReference; lastKnownFileType = wrapper.framework; name = HealthKit.framework; path = System/Library/Frameworks/HealthKit.framework; sourceTree = SDKROOT; };
		3A7352192093C3CB002B98C4 /* CarePlanStoreManager.swift */ = {isa = PBXFileReference; lastKnownFileType = sourcecode.swift; path = CarePlanStoreManager.swift; sourceTree = "<group>"; };
		3A99F36020974E84004921E9 /* CareKit.xcodeproj */ = {isa = PBXFileReference; lastKnownFileType = "wrapper.pb-project"; name = CareKit.xcodeproj; path = ../Desktop/careKit/CareKit.xcodeproj; sourceTree = "<group>"; };
		3A99F378209751F3004921E9 /* ResearchKit.xcodeproj */ = {isa = PBXFileReference; lastKnownFileType = "wrapper.pb-project"; name = ResearchKit.xcodeproj; path = "../Downloads/ZombieKit Part 1 Starter/Libraries/ResearchKit/ResearchKit.xcodeproj"; sourceTree = "<group>"; };
		3A99F38220979303004921E9 /* OCKInsightItem.swift */ = {isa = PBXFileReference; lastKnownFileType = sourcecode.swift; path = OCKInsightItem.swift; sourceTree = "<group>"; };
		3AD8B623209798A1006095F3 /* InsightsDataManager.swift */ = {isa = PBXFileReference; lastKnownFileType = sourcecode.swift; path = InsightsDataManager.swift; sourceTree = "<group>"; };
		3AD8B625209A01BC006095F3 /* TabBarViewController.swift */ = {isa = PBXFileReference; lastKnownFileType = sourcecode.swift; path = TabBarViewController.swift; sourceTree = "<group>"; };
		3AD8B627209A01F5006095F3 /* AssessmentTaskFactory.swift */ = {isa = PBXFileReference; lastKnownFileType = sourcecode.swift; path = AssessmentTaskFactory.swift; sourceTree = "<group>"; };
		4C13A7BD209632C500C04EB4 /* NSDateComponents.swift */ = {isa = PBXFileReference; lastKnownFileType = sourcecode.swift; path = NSDateComponents.swift; sourceTree = "<group>"; };
		4C13A7BE209632C600C04EB4 /* UIColor.swift */ = {isa = PBXFileReference; lastKnownFileType = sourcecode.swift; path = UIColor.swift; sourceTree = "<group>"; };
		9C50127B52C6907D1916C8AF /* Pods-MedableSandboxTests.debug.xcconfig */ = {isa = PBXFileReference; includeInIndex = 1; lastKnownFileType = text.xcconfig; name = "Pods-MedableSandboxTests.debug.xcconfig"; path = "Pods/Target Support Files/Pods-MedableSandboxTests/Pods-MedableSandboxTests.debug.xcconfig"; sourceTree = "<group>"; };
		C16F80FD176529B01107E39E /* Pods-MedableSandboxUITests.release.xcconfig */ = {isa = PBXFileReference; includeInIndex = 1; lastKnownFileType = text.xcconfig; name = "Pods-MedableSandboxUITests.release.xcconfig"; path = "Pods/Target Support Files/Pods-MedableSandboxUITests/Pods-MedableSandboxUITests.release.xcconfig"; sourceTree = "<group>"; };
		DAF385EDE5A0FA85B0AB2FF7 /* Pods-MedableSandboxUITests.debug.xcconfig */ = {isa = PBXFileReference; includeInIndex = 1; lastKnownFileType = text.xcconfig; name = "Pods-MedableSandboxUITests.debug.xcconfig"; path = "Pods/Target Support Files/Pods-MedableSandboxUITests/Pods-MedableSandboxUITests.debug.xcconfig"; sourceTree = "<group>"; };
		DDA7A47772A4E480982BA84D /* Pods-MedableSandbox.debug.xcconfig */ = {isa = PBXFileReference; includeInIndex = 1; lastKnownFileType = text.xcconfig; name = "Pods-MedableSandbox.debug.xcconfig"; path = "Pods/Target Support Files/Pods-MedableSandbox/Pods-MedableSandbox.debug.xcconfig"; sourceTree = "<group>"; };
		EFF0307B274C9732E8E7CD78 /* Pods_MedableSandboxTests.framework */ = {isa = PBXFileReference; explicitFileType = wrapper.framework; includeInIndex = 0; path = Pods_MedableSandboxTests.framework; sourceTree = BUILT_PRODUCTS_DIR; };
		F11807F3AC5FE6AB66EB63D9 /* Pods-MedableSandbox.release.xcconfig */ = {isa = PBXFileReference; includeInIndex = 1; lastKnownFileType = text.xcconfig; name = "Pods-MedableSandbox.release.xcconfig"; path = "Pods/Target Support Files/Pods-MedableSandbox/Pods-MedableSandbox.release.xcconfig"; sourceTree = "<group>"; };
/* End PBXFileReference section */

/* Begin PBXFrameworksBuildPhase section */
		3A3C408E2087C76B0082A44C /* Frameworks */ = {
			isa = PBXFrameworksBuildPhase;
			buildActionMask = 2147483647;
			files = (
				3A99F36A20974EB1004921E9 /* CareKit.framework in Frameworks */,
				3A73520A2093B5A5002B98C4 /* HealthKit.framework in Frameworks */,
				A284A8543CC8A7C29E803A87 /* Pods_MedableSandbox.framework in Frameworks */,
			);
			runOnlyForDeploymentPostprocessing = 0;
		};
		3A3C40A22087C76B0082A44C /* Frameworks */ = {
			isa = PBXFrameworksBuildPhase;
			buildActionMask = 2147483647;
			files = (
				7BF20CF9CFCE5BF71F40AC21 /* Pods_MedableSandboxTests.framework in Frameworks */,
			);
			runOnlyForDeploymentPostprocessing = 0;
		};
		3A3C40AD2087C76B0082A44C /* Frameworks */ = {
			isa = PBXFrameworksBuildPhase;
			buildActionMask = 2147483647;
			files = (
				B31C2F0A369AA111F2560887 /* Pods_MedableSandboxUITests.framework in Frameworks */,
			);
			runOnlyForDeploymentPostprocessing = 0;
		};
/* End PBXFrameworksBuildPhase section */

/* Begin PBXGroup section */
		3A3C40882087C76A0082A44C = {
			isa = PBXGroup;
			children = (
				3A3C40932087C76B0082A44C /* MedableSandbox */,
				3A3C40C22087D9860082A44C /* MedableSandbox-Bridging-Header.h */,
				3A3C40A82087C76B0082A44C /* MedableSandboxTests */,
				3A3C40B32087C76B0082A44C /* MedableSandboxUITests */,
				3A3C40922087C76B0082A44C /* Products */,
				FC11C280D6331A57479C7E25 /* Pods */,
				8C4E706C7A87460924447A25 /* Frameworks */,
			);
			sourceTree = "<group>";
		};
		3A3C40922087C76B0082A44C /* Products */ = {
			isa = PBXGroup;
			children = (
				3A3C40912087C76B0082A44C /* MedableSandbox.app */,
				3A3C40A52087C76B0082A44C /* MedableSandboxTests.xctest */,
				3A3C40B02087C76B0082A44C /* MedableSandboxUITests.xctest */,
			);
			name = Products;
			sourceTree = "<group>";
		};
		3A3C40932087C76B0082A44C /* MedableSandbox */ = {
			isa = PBXGroup;
			children = (
				3A3C40942087C76B0082A44C /* AppDelegate.swift */,
				3AD8B62C209A0F00006095F3 /* Services */,
				3AD8B62B209A0ED0006095F3 /* ViewControllers */,
				3AD8B62A209A0E9A006095F3 /* Utilities */,
				3AD8B62220979863006095F3 /* Care Plan Store */,
				3A3C40982087C76B0082A44C /* Main.storyboard */,
				3A3C409B2087C76B0082A44C /* Assets.xcassets */,
				3A3C409D2087C76B0082A44C /* LaunchScreen.storyboard */,
				3A3C40A02087C76B0082A44C /* Info.plist */,
			);
			path = MedableSandbox;
			sourceTree = "<group>";
		};
		3A3C40A82087C76B0082A44C /* MedableSandboxTests */ = {
			isa = PBXGroup;
			children = (
				3A3C40A92087C76B0082A44C /* MedableSandboxTests.swift */,
				3A3C40AB2087C76B0082A44C /* Info.plist */,
			);
			path = MedableSandboxTests;
			sourceTree = "<group>";
		};
		3A3C40B32087C76B0082A44C /* MedableSandboxUITests */ = {
			isa = PBXGroup;
			children = (
				3A3C40B42087C76B0082A44C /* MedableSandboxUITests.swift */,
				3A3C40B62087C76B0082A44C /* Info.plist */,
			);
			path = MedableSandboxUITests;
			sourceTree = "<group>";
		};
		3A99F36120974E84004921E9 /* Products */ = {
			isa = PBXGroup;
			children = (
				3A99F36720974E84004921E9 /* CareKit.framework */,
				3A99F36920974E84004921E9 /* CareKitTests.xctest */,
			);
			name = Products;
			sourceTree = "<group>";
		};
		3A99F379209751F3004921E9 /* Products */ = {
			isa = PBXGroup;
			children = (
				3A99F37F209751F4004921E9 /* ResearchKit.framework */,
				3A99F381209751F4004921E9 /* ResearchKitTests.xctest */,
			);
			name = Products;
			sourceTree = "<group>";
		};
		3AD8B62220979863006095F3 /* Care Plan Store */ = {
			isa = PBXGroup;
			children = (
				3A99F38220979303004921E9 /* OCKInsightItem.swift */,
				3AD8B623209798A1006095F3 /* InsightsDataManager.swift */,
				3A7352192093C3CB002B98C4 /* CarePlanStoreManager.swift */,
			);
			path = "Care Plan Store";
			sourceTree = "<group>";
		};
		3AD8B62A209A0E9A006095F3 /* Utilities */ = {
			isa = PBXGroup;
			children = (
				4C13A7BD209632C500C04EB4 /* NSDateComponents.swift */,
				4C13A7BE209632C600C04EB4 /* UIColor.swift */,
			);
			path = Utilities;
			sourceTree = "<group>";
		};
		3AD8B62B209A0ED0006095F3 /* ViewControllers */ = {
			isa = PBXGroup;
			children = (
				3A3C40962087C76B0082A44C /* RegistrationTableViewController.swift */,
				3AD8B625209A01BC006095F3 /* TabBarViewController.swift */,
				3A7351E4208F9CEF002B98C4 /* LoginTableViewController.swift */,
			);
			path = ViewControllers;
			sourceTree = "<group>";
		};
		3AD8B62C209A0F00006095F3 /* Services */ = {
			isa = PBXGroup;
			children = (
				3AD8B627209A01F5006095F3 /* AssessmentTaskFactory.swift */,
				3A7351E62093A8C7002B98C4 /* ActivityService.swift */,
			);
			path = Services;
			sourceTree = "<group>";
		};
		8C4E706C7A87460924447A25 /* Frameworks */ = {
			isa = PBXGroup;
			children = (
				3A99F378209751F3004921E9 /* ResearchKit.xcodeproj */,
				3A99F36020974E84004921E9 /* CareKit.xcodeproj */,
				3A7352092093B5A5002B98C4 /* HealthKit.framework */,
				02BA44C3C91A83A674CA092D /* Pods_MedableSandbox.framework */,
				EFF0307B274C9732E8E7CD78 /* Pods_MedableSandboxTests.framework */,
				10D9F649C54FB4D0BCAB80F7 /* Pods_MedableSandboxUITests.framework */,
			);
			name = Frameworks;
			sourceTree = "<group>";
		};
		FC11C280D6331A57479C7E25 /* Pods */ = {
			isa = PBXGroup;
			children = (
				DDA7A47772A4E480982BA84D /* Pods-MedableSandbox.debug.xcconfig */,
				F11807F3AC5FE6AB66EB63D9 /* Pods-MedableSandbox.release.xcconfig */,
				9C50127B52C6907D1916C8AF /* Pods-MedableSandboxTests.debug.xcconfig */,
				18F5C7D1704B882DA2148D30 /* Pods-MedableSandboxTests.release.xcconfig */,
				DAF385EDE5A0FA85B0AB2FF7 /* Pods-MedableSandboxUITests.debug.xcconfig */,
				C16F80FD176529B01107E39E /* Pods-MedableSandboxUITests.release.xcconfig */,
			);
			name = Pods;
			sourceTree = "<group>";
		};
/* End PBXGroup section */

/* Begin PBXNativeTarget section */
		3A3C40902087C76B0082A44C /* MedableSandbox */ = {
			isa = PBXNativeTarget;
			buildConfigurationList = 3A3C40B92087C76B0082A44C /* Build configuration list for PBXNativeTarget "MedableSandbox" */;
			buildPhases = (
				A563DB832A1CD63B9944720C /* [CP] Check Pods Manifest.lock */,
				3A3C408D2087C76B0082A44C /* Sources */,
				3A3C408E2087C76B0082A44C /* Frameworks */,
				3A3C408F2087C76B0082A44C /* Resources */,
				17570BFFCB9DC1FDD5D27A2F /* [CP] Embed Pods Frameworks */,
				285DD906AC90C53CEDC480E2 /* [CP] Copy Pods Resources */,
				3A7351F62093ADFA002B98C4 /* Embed Frameworks */,
			);
			buildRules = (
			);
			dependencies = (
				3A99F36D20974EB1004921E9 /* PBXTargetDependency */,
			);
			name = MedableSandbox;
			productName = MedableSandbox;
			productReference = 3A3C40912087C76B0082A44C /* MedableSandbox.app */;
			productType = "com.apple.product-type.application";
		};
		3A3C40A42087C76B0082A44C /* MedableSandboxTests */ = {
			isa = PBXNativeTarget;
			buildConfigurationList = 3A3C40BC2087C76B0082A44C /* Build configuration list for PBXNativeTarget "MedableSandboxTests" */;
			buildPhases = (
				CFBA89D02A084EB0903474FC /* [CP] Check Pods Manifest.lock */,
				3A3C40A12087C76B0082A44C /* Sources */,
				3A3C40A22087C76B0082A44C /* Frameworks */,
				3A3C40A32087C76B0082A44C /* Resources */,
				8648D377614F8A0F4C49C3A1 /* [CP] Embed Pods Frameworks */,
				EC94199E308CC710CF28D793 /* [CP] Copy Pods Resources */,
			);
			buildRules = (
			);
			dependencies = (
				3A3C40A72087C76B0082A44C /* PBXTargetDependency */,
			);
			name = MedableSandboxTests;
			productName = MedableSandboxTests;
			productReference = 3A3C40A52087C76B0082A44C /* MedableSandboxTests.xctest */;
			productType = "com.apple.product-type.bundle.unit-test";
		};
		3A3C40AF2087C76B0082A44C /* MedableSandboxUITests */ = {
			isa = PBXNativeTarget;
			buildConfigurationList = 3A3C40BF2087C76B0082A44C /* Build configuration list for PBXNativeTarget "MedableSandboxUITests" */;
			buildPhases = (
				836671E51BE2058C846D99F3 /* [CP] Check Pods Manifest.lock */,
				3A3C40AC2087C76B0082A44C /* Sources */,
				3A3C40AD2087C76B0082A44C /* Frameworks */,
				3A3C40AE2087C76B0082A44C /* Resources */,
				DD5A05DD88340D5736319D82 /* [CP] Embed Pods Frameworks */,
				A69A082924881932A97E21A4 /* [CP] Copy Pods Resources */,
			);
			buildRules = (
			);
			dependencies = (
				3A3C40B22087C76B0082A44C /* PBXTargetDependency */,
			);
			name = MedableSandboxUITests;
			productName = MedableSandboxUITests;
			productReference = 3A3C40B02087C76B0082A44C /* MedableSandboxUITests.xctest */;
			productType = "com.apple.product-type.bundle.ui-testing";
		};
/* End PBXNativeTarget section */

/* Begin PBXProject section */
		3A3C40892087C76A0082A44C /* Project object */ = {
			isa = PBXProject;
			attributes = {
				LastSwiftUpdateCheck = 0920;
				LastUpgradeCheck = 0920;
				ORGANIZATIONNAME = "University of Pennsylvania Health System";
				TargetAttributes = {
					3A3C40902087C76B0082A44C = {
						CreatedOnToolsVersion = 9.2;
						ProvisioningStyle = Manual;
					};
					3A3C40A42087C76B0082A44C = {
						CreatedOnToolsVersion = 9.2;
						ProvisioningStyle = Automatic;
						TestTargetID = 3A3C40902087C76B0082A44C;
					};
					3A3C40AF2087C76B0082A44C = {
						CreatedOnToolsVersion = 9.2;
						ProvisioningStyle = Automatic;
						TestTargetID = 3A3C40902087C76B0082A44C;
					};
				};
			};
			buildConfigurationList = 3A3C408C2087C76A0082A44C /* Build configuration list for PBXProject "MedableSandbox" */;
			compatibilityVersion = "Xcode 8.0";
			developmentRegion = en;
			hasScannedForEncodings = 0;
			knownRegions = (
				en,
				Base,
			);
			mainGroup = 3A3C40882087C76A0082A44C;
			productRefGroup = 3A3C40922087C76B0082A44C /* Products */;
			projectDirPath = "";
			projectReferences = (
				{
					ProductGroup = 3A99F36120974E84004921E9 /* Products */;
					ProjectRef = 3A99F36020974E84004921E9 /* CareKit.xcodeproj */;
				},
				{
					ProductGroup = 3A99F379209751F3004921E9 /* Products */;
					ProjectRef = 3A99F378209751F3004921E9 /* ResearchKit.xcodeproj */;
				},
			);
			projectRoot = "";
			targets = (
				3A3C40902087C76B0082A44C /* MedableSandbox */,
				3A3C40A42087C76B0082A44C /* MedableSandboxTests */,
				3A3C40AF2087C76B0082A44C /* MedableSandboxUITests */,
			);
		};
/* End PBXProject section */

/* Begin PBXReferenceProxy section */
		3A99F36720974E84004921E9 /* CareKit.framework */ = {
			isa = PBXReferenceProxy;
			fileType = wrapper.framework;
			path = CareKit.framework;
			remoteRef = 3A99F36620974E84004921E9 /* PBXContainerItemProxy */;
			sourceTree = BUILT_PRODUCTS_DIR;
		};
		3A99F36920974E84004921E9 /* CareKitTests.xctest */ = {
			isa = PBXReferenceProxy;
			fileType = wrapper.cfbundle;
			path = CareKitTests.xctest;
			remoteRef = 3A99F36820974E84004921E9 /* PBXContainerItemProxy */;
			sourceTree = BUILT_PRODUCTS_DIR;
		};
		3A99F37F209751F4004921E9 /* ResearchKit.framework */ = {
			isa = PBXReferenceProxy;
			fileType = wrapper.framework;
			path = ResearchKit.framework;
			remoteRef = 3A99F37E209751F4004921E9 /* PBXContainerItemProxy */;
			sourceTree = BUILT_PRODUCTS_DIR;
		};
		3A99F381209751F4004921E9 /* ResearchKitTests.xctest */ = {
			isa = PBXReferenceProxy;
			fileType = wrapper.cfbundle;
			path = ResearchKitTests.xctest;
			remoteRef = 3A99F380209751F4004921E9 /* PBXContainerItemProxy */;
			sourceTree = BUILT_PRODUCTS_DIR;
		};
/* End PBXReferenceProxy section */

/* Begin PBXResourcesBuildPhase section */
		3A3C408F2087C76B0082A44C /* Resources */ = {
			isa = PBXResourcesBuildPhase;
			buildActionMask = 2147483647;
			files = (
				3A3C409F2087C76B0082A44C /* LaunchScreen.storyboard in Resources */,
				3A3C409C2087C76B0082A44C /* Assets.xcassets in Resources */,
				3A3C409A2087C76B0082A44C /* Main.storyboard in Resources */,
			);
			runOnlyForDeploymentPostprocessing = 0;
		};
		3A3C40A32087C76B0082A44C /* Resources */ = {
			isa = PBXResourcesBuildPhase;
			buildActionMask = 2147483647;
			files = (
			);
			runOnlyForDeploymentPostprocessing = 0;
		};
		3A3C40AE2087C76B0082A44C /* Resources */ = {
			isa = PBXResourcesBuildPhase;
			buildActionMask = 2147483647;
			files = (
			);
			runOnlyForDeploymentPostprocessing = 0;
		};
/* End PBXResourcesBuildPhase section */

/* Begin PBXShellScriptBuildPhase section */
		17570BFFCB9DC1FDD5D27A2F /* [CP] Embed Pods Frameworks */ = {
			isa = PBXShellScriptBuildPhase;
			buildActionMask = 2147483647;
			files = (
			);
			inputPaths = (
				"${SRCROOT}/Pods/Target Support Files/Pods-MedableSandbox/Pods-MedableSandbox-frameworks.sh",
				"${BUILT_PRODUCTS_DIR}/libPhoneNumber-iOS/libPhoneNumber_iOS.framework",
				"${BUILT_PRODUCTS_DIR}/zxcvbn-ios/zxcvbn_ios.framework",
			);
			name = "[CP] Embed Pods Frameworks";
			outputPaths = (
				"${TARGET_BUILD_DIR}/${FRAMEWORKS_FOLDER_PATH}/libPhoneNumber_iOS.framework",
				"${TARGET_BUILD_DIR}/${FRAMEWORKS_FOLDER_PATH}/zxcvbn_ios.framework",
			);
			runOnlyForDeploymentPostprocessing = 0;
			shellPath = /bin/sh;
			shellScript = "\"${SRCROOT}/Pods/Target Support Files/Pods-MedableSandbox/Pods-MedableSandbox-frameworks.sh\"\n";
			showEnvVarsInLog = 0;
		};
		285DD906AC90C53CEDC480E2 /* [CP] Copy Pods Resources */ = {
			isa = PBXShellScriptBuildPhase;
			buildActionMask = 2147483647;
			files = (
			);
			inputPaths = (
			);
			name = "[CP] Copy Pods Resources";
			outputPaths = (
			);
			runOnlyForDeploymentPostprocessing = 0;
			shellPath = /bin/sh;
			shellScript = "\"${SRCROOT}/Pods/Target Support Files/Pods-MedableSandbox/Pods-MedableSandbox-resources.sh\"\n";
			showEnvVarsInLog = 0;
		};
		836671E51BE2058C846D99F3 /* [CP] Check Pods Manifest.lock */ = {
			isa = PBXShellScriptBuildPhase;
			buildActionMask = 2147483647;
			files = (
			);
			inputPaths = (
				"${PODS_PODFILE_DIR_PATH}/Podfile.lock",
				"${PODS_ROOT}/Manifest.lock",
			);
			name = "[CP] Check Pods Manifest.lock";
			outputPaths = (
				"$(DERIVED_FILE_DIR)/Pods-MedableSandboxUITests-checkManifestLockResult.txt",
			);
			runOnlyForDeploymentPostprocessing = 0;
			shellPath = /bin/sh;
			shellScript = "diff \"${PODS_PODFILE_DIR_PATH}/Podfile.lock\" \"${PODS_ROOT}/Manifest.lock\" > /dev/null\nif [ $? != 0 ] ; then\n    # print error to STDERR\n    echo \"error: The sandbox is not in sync with the Podfile.lock. Run 'pod install' or update your CocoaPods installation.\" >&2\n    exit 1\nfi\n# This output is used by Xcode 'outputs' to avoid re-running this script phase.\necho \"SUCCESS\" > \"${SCRIPT_OUTPUT_FILE_0}\"\n";
			showEnvVarsInLog = 0;
		};
		8648D377614F8A0F4C49C3A1 /* [CP] Embed Pods Frameworks */ = {
			isa = PBXShellScriptBuildPhase;
			buildActionMask = 2147483647;
			files = (
			);
			inputPaths = (
			);
			name = "[CP] Embed Pods Frameworks";
			outputPaths = (
			);
			runOnlyForDeploymentPostprocessing = 0;
			shellPath = /bin/sh;
			shellScript = "\"${SRCROOT}/Pods/Target Support Files/Pods-MedableSandboxTests/Pods-MedableSandboxTests-frameworks.sh\"\n";
			showEnvVarsInLog = 0;
		};
		A563DB832A1CD63B9944720C /* [CP] Check Pods Manifest.lock */ = {
			isa = PBXShellScriptBuildPhase;
			buildActionMask = 2147483647;
			files = (
			);
			inputPaths = (
				"${PODS_PODFILE_DIR_PATH}/Podfile.lock",
				"${PODS_ROOT}/Manifest.lock",
			);
			name = "[CP] Check Pods Manifest.lock";
			outputPaths = (
				"$(DERIVED_FILE_DIR)/Pods-MedableSandbox-checkManifestLockResult.txt",
			);
			runOnlyForDeploymentPostprocessing = 0;
			shellPath = /bin/sh;
			shellScript = "diff \"${PODS_PODFILE_DIR_PATH}/Podfile.lock\" \"${PODS_ROOT}/Manifest.lock\" > /dev/null\nif [ $? != 0 ] ; then\n    # print error to STDERR\n    echo \"error: The sandbox is not in sync with the Podfile.lock. Run 'pod install' or update your CocoaPods installation.\" >&2\n    exit 1\nfi\n# This output is used by Xcode 'outputs' to avoid re-running this script phase.\necho \"SUCCESS\" > \"${SCRIPT_OUTPUT_FILE_0}\"\n";
			showEnvVarsInLog = 0;
		};
		A69A082924881932A97E21A4 /* [CP] Copy Pods Resources */ = {
			isa = PBXShellScriptBuildPhase;
			buildActionMask = 2147483647;
			files = (
			);
			inputPaths = (
			);
			name = "[CP] Copy Pods Resources";
			outputPaths = (
			);
			runOnlyForDeploymentPostprocessing = 0;
			shellPath = /bin/sh;
			shellScript = "\"${SRCROOT}/Pods/Target Support Files/Pods-MedableSandboxUITests/Pods-MedableSandboxUITests-resources.sh\"\n";
			showEnvVarsInLog = 0;
		};
		CFBA89D02A084EB0903474FC /* [CP] Check Pods Manifest.lock */ = {
			isa = PBXShellScriptBuildPhase;
			buildActionMask = 2147483647;
			files = (
			);
			inputPaths = (
				"${PODS_PODFILE_DIR_PATH}/Podfile.lock",
				"${PODS_ROOT}/Manifest.lock",
			);
			name = "[CP] Check Pods Manifest.lock";
			outputPaths = (
				"$(DERIVED_FILE_DIR)/Pods-MedableSandboxTests-checkManifestLockResult.txt",
			);
			runOnlyForDeploymentPostprocessing = 0;
			shellPath = /bin/sh;
			shellScript = "diff \"${PODS_PODFILE_DIR_PATH}/Podfile.lock\" \"${PODS_ROOT}/Manifest.lock\" > /dev/null\nif [ $? != 0 ] ; then\n    # print error to STDERR\n    echo \"error: The sandbox is not in sync with the Podfile.lock. Run 'pod install' or update your CocoaPods installation.\" >&2\n    exit 1\nfi\n# This output is used by Xcode 'outputs' to avoid re-running this script phase.\necho \"SUCCESS\" > \"${SCRIPT_OUTPUT_FILE_0}\"\n";
			showEnvVarsInLog = 0;
		};
		DD5A05DD88340D5736319D82 /* [CP] Embed Pods Frameworks */ = {
			isa = PBXShellScriptBuildPhase;
			buildActionMask = 2147483647;
			files = (
			);
			inputPaths = (
			);
			name = "[CP] Embed Pods Frameworks";
			outputPaths = (
			);
			runOnlyForDeploymentPostprocessing = 0;
			shellPath = /bin/sh;
			shellScript = "\"${SRCROOT}/Pods/Target Support Files/Pods-MedableSandboxUITests/Pods-MedableSandboxUITests-frameworks.sh\"\n";
			showEnvVarsInLog = 0;
		};
		EC94199E308CC710CF28D793 /* [CP] Copy Pods Resources */ = {
			isa = PBXShellScriptBuildPhase;
			buildActionMask = 2147483647;
			files = (
			);
			inputPaths = (
			);
			name = "[CP] Copy Pods Resources";
			outputPaths = (
			);
			runOnlyForDeploymentPostprocessing = 0;
			shellPath = /bin/sh;
			shellScript = "\"${SRCROOT}/Pods/Target Support Files/Pods-MedableSandboxTests/Pods-MedableSandboxTests-resources.sh\"\n";
			showEnvVarsInLog = 0;
		};
/* End PBXShellScriptBuildPhase section */

/* Begin PBXSourcesBuildPhase section */
		3A3C408D2087C76B0082A44C /* Sources */ = {
			isa = PBXSourcesBuildPhase;
			buildActionMask = 2147483647;
			files = (
				4C13A7BF209632C600C04EB4 /* NSDateComponents.swift in Sources */,
				3A99F38320979303004921E9 /* OCKInsightItem.swift in Sources */,
				4C13A7C0209632C600C04EB4 /* UIColor.swift in Sources */,
				3AD8B628209A01F5006095F3 /* AssessmentTaskFactory.swift in Sources */,
				3A3C40972087C76B0082A44C /* RegistrationTableViewController.swift in Sources */,
				3A73521A2093C3CC002B98C4 /* CarePlanStoreManager.swift in Sources */,
				3A3C40952087C76B0082A44C /* AppDelegate.swift in Sources */,
				3A7351E72093A8C7002B98C4 /* ActivityService.swift in Sources */,
				3A7351E5208F9CEF002B98C4 /* LoginTableViewController.swift in Sources */,
				3AD8B626209A01BC006095F3 /* TabBarViewController.swift in Sources */,
				3AD8B624209798A1006095F3 /* InsightsDataManager.swift in Sources */,
			);
			runOnlyForDeploymentPostprocessing = 0;
		};
		3A3C40A12087C76B0082A44C /* Sources */ = {
			isa = PBXSourcesBuildPhase;
			buildActionMask = 2147483647;
			files = (
				3A3C40AA2087C76B0082A44C /* MedableSandboxTests.swift in Sources */,
			);
			runOnlyForDeploymentPostprocessing = 0;
		};
		3A3C40AC2087C76B0082A44C /* Sources */ = {
			isa = PBXSourcesBuildPhase;
			buildActionMask = 2147483647;
			files = (
				3A3C40B52087C76B0082A44C /* MedableSandboxUITests.swift in Sources */,
			);
			runOnlyForDeploymentPostprocessing = 0;
		};
/* End PBXSourcesBuildPhase section */

/* Begin PBXTargetDependency section */
		3A3C40A72087C76B0082A44C /* PBXTargetDependency */ = {
			isa = PBXTargetDependency;
			target = 3A3C40902087C76B0082A44C /* MedableSandbox */;
			targetProxy = 3A3C40A62087C76B0082A44C /* PBXContainerItemProxy */;
		};
		3A3C40B22087C76B0082A44C /* PBXTargetDependency */ = {
			isa = PBXTargetDependency;
			target = 3A3C40902087C76B0082A44C /* MedableSandbox */;
			targetProxy = 3A3C40B12087C76B0082A44C /* PBXContainerItemProxy */;
		};
		3A99F36D20974EB1004921E9 /* PBXTargetDependency */ = {
			isa = PBXTargetDependency;
			name = CareKit;
			targetProxy = 3A99F36C20974EB1004921E9 /* PBXContainerItemProxy */;
		};
/* End PBXTargetDependency section */

/* Begin PBXVariantGroup section */
		3A3C40982087C76B0082A44C /* Main.storyboard */ = {
			isa = PBXVariantGroup;
			children = (
				3A3C40992087C76B0082A44C /* Base */,
			);
			name = Main.storyboard;
			sourceTree = "<group>";
		};
		3A3C409D2087C76B0082A44C /* LaunchScreen.storyboard */ = {
			isa = PBXVariantGroup;
			children = (
				3A3C409E2087C76B0082A44C /* Base */,
			);
			name = LaunchScreen.storyboard;
			sourceTree = "<group>";
		};
/* End PBXVariantGroup section */

/* Begin XCBuildConfiguration section */
		3A3C40B72087C76B0082A44C /* Debug */ = {
			isa = XCBuildConfiguration;
			buildSettings = {
				ALWAYS_SEARCH_USER_PATHS = NO;
				CLANG_ANALYZER_NONNULL = YES;
				CLANG_ANALYZER_NUMBER_OBJECT_CONVERSION = YES_AGGRESSIVE;
				CLANG_CXX_LANGUAGE_STANDARD = "gnu++14";
				CLANG_CXX_LIBRARY = "libc++";
				CLANG_ENABLE_MODULES = YES;
				CLANG_ENABLE_OBJC_ARC = YES;
				CLANG_WARN_BLOCK_CAPTURE_AUTORELEASING = YES;
				CLANG_WARN_BOOL_CONVERSION = YES;
				CLANG_WARN_COMMA = YES;
				CLANG_WARN_CONSTANT_CONVERSION = YES;
				CLANG_WARN_DIRECT_OBJC_ISA_USAGE = YES_ERROR;
				CLANG_WARN_DOCUMENTATION_COMMENTS = YES;
				CLANG_WARN_EMPTY_BODY = YES;
				CLANG_WARN_ENUM_CONVERSION = YES;
				CLANG_WARN_INFINITE_RECURSION = YES;
				CLANG_WARN_INT_CONVERSION = YES;
				CLANG_WARN_NON_LITERAL_NULL_CONVERSION = YES;
				CLANG_WARN_OBJC_LITERAL_CONVERSION = YES;
				CLANG_WARN_OBJC_ROOT_CLASS = YES_ERROR;
				CLANG_WARN_RANGE_LOOP_ANALYSIS = YES;
				CLANG_WARN_STRICT_PROTOTYPES = YES;
				CLANG_WARN_SUSPICIOUS_MOVE = YES;
				CLANG_WARN_UNGUARDED_AVAILABILITY = YES_AGGRESSIVE;
				CLANG_WARN_UNREACHABLE_CODE = YES;
				CLANG_WARN__DUPLICATE_METHOD_MATCH = YES;
				CODE_SIGN_IDENTITY = "iPhone Developer";
				COPY_PHASE_STRIP = NO;
				DEBUG_INFORMATION_FORMAT = dwarf;
				ENABLE_STRICT_OBJC_MSGSEND = YES;
				ENABLE_TESTABILITY = YES;
				GCC_C_LANGUAGE_STANDARD = gnu11;
				GCC_DYNAMIC_NO_PIC = NO;
				GCC_NO_COMMON_BLOCKS = YES;
				GCC_OPTIMIZATION_LEVEL = 0;
				GCC_PREPROCESSOR_DEFINITIONS = (
					"DEBUG=1",
					"$(inherited)",
				);
				GCC_WARN_64_TO_32_BIT_CONVERSION = YES;
				GCC_WARN_ABOUT_RETURN_TYPE = YES_ERROR;
				GCC_WARN_UNDECLARED_SELECTOR = YES;
				GCC_WARN_UNINITIALIZED_AUTOS = YES_AGGRESSIVE;
				GCC_WARN_UNUSED_FUNCTION = YES;
				GCC_WARN_UNUSED_VARIABLE = YES;
				IPHONEOS_DEPLOYMENT_TARGET = 11.2;
				MTL_ENABLE_DEBUG_INFO = YES;
				ONLY_ACTIVE_ARCH = YES;
				SDKROOT = iphoneos;
				SWIFT_ACTIVE_COMPILATION_CONDITIONS = DEBUG;
				SWIFT_OPTIMIZATION_LEVEL = "-Onone";
			};
			name = Debug;
		};
		3A3C40B82087C76B0082A44C /* Release */ = {
			isa = XCBuildConfiguration;
			buildSettings = {
				ALWAYS_SEARCH_USER_PATHS = NO;
				CLANG_ANALYZER_NONNULL = YES;
				CLANG_ANALYZER_NUMBER_OBJECT_CONVERSION = YES_AGGRESSIVE;
				CLANG_CXX_LANGUAGE_STANDARD = "gnu++14";
				CLANG_CXX_LIBRARY = "libc++";
				CLANG_ENABLE_MODULES = YES;
				CLANG_ENABLE_OBJC_ARC = YES;
				CLANG_WARN_BLOCK_CAPTURE_AUTORELEASING = YES;
				CLANG_WARN_BOOL_CONVERSION = YES;
				CLANG_WARN_COMMA = YES;
				CLANG_WARN_CONSTANT_CONVERSION = YES;
				CLANG_WARN_DIRECT_OBJC_ISA_USAGE = YES_ERROR;
				CLANG_WARN_DOCUMENTATION_COMMENTS = YES;
				CLANG_WARN_EMPTY_BODY = YES;
				CLANG_WARN_ENUM_CONVERSION = YES;
				CLANG_WARN_INFINITE_RECURSION = YES;
				CLANG_WARN_INT_CONVERSION = YES;
				CLANG_WARN_NON_LITERAL_NULL_CONVERSION = YES;
				CLANG_WARN_OBJC_LITERAL_CONVERSION = YES;
				CLANG_WARN_OBJC_ROOT_CLASS = YES_ERROR;
				CLANG_WARN_RANGE_LOOP_ANALYSIS = YES;
				CLANG_WARN_STRICT_PROTOTYPES = YES;
				CLANG_WARN_SUSPICIOUS_MOVE = YES;
				CLANG_WARN_UNGUARDED_AVAILABILITY = YES_AGGRESSIVE;
				CLANG_WARN_UNREACHABLE_CODE = YES;
				CLANG_WARN__DUPLICATE_METHOD_MATCH = YES;
				CODE_SIGN_IDENTITY = "iPhone Developer";
				COPY_PHASE_STRIP = NO;
				DEBUG_INFORMATION_FORMAT = "dwarf-with-dsym";
				ENABLE_NS_ASSERTIONS = NO;
				ENABLE_STRICT_OBJC_MSGSEND = YES;
				GCC_C_LANGUAGE_STANDARD = gnu11;
				GCC_NO_COMMON_BLOCKS = YES;
				GCC_WARN_64_TO_32_BIT_CONVERSION = YES;
				GCC_WARN_ABOUT_RETURN_TYPE = YES_ERROR;
				GCC_WARN_UNDECLARED_SELECTOR = YES;
				GCC_WARN_UNINITIALIZED_AUTOS = YES_AGGRESSIVE;
				GCC_WARN_UNUSED_FUNCTION = YES;
				GCC_WARN_UNUSED_VARIABLE = YES;
				IPHONEOS_DEPLOYMENT_TARGET = 11.2;
				MTL_ENABLE_DEBUG_INFO = NO;
				SDKROOT = iphoneos;
				SWIFT_OPTIMIZATION_LEVEL = "-Owholemodule";
				VALIDATE_PRODUCT = YES;
			};
			name = Release;
		};
		3A3C40BA2087C76B0082A44C /* Debug */ = {
			isa = XCBuildConfiguration;
			baseConfigurationReference = DDA7A47772A4E480982BA84D /* Pods-MedableSandbox.debug.xcconfig */;
			buildSettings = {
				ALWAYS_EMBED_SWIFT_STANDARD_LIBRARIES = YES;
				ASSETCATALOG_COMPILER_APPICON_NAME = AppIcon;
				"CODE_SIGN_IDENTITY[sdk=iphoneos*]" = "iPhone Developer";
				CODE_SIGN_STYLE = Manual;
				DEVELOPMENT_TEAM = "";
				INFOPLIST_FILE = MedableSandbox/Info.plist;
				LD_RUNPATH_SEARCH_PATHS = "$(inherited) @executable_path/Frameworks";
				PRODUCT_BUNDLE_IDENTIFIER = com.upenn.MedableSandbox;
				PRODUCT_NAME = "$(TARGET_NAME)";
				PROVISIONING_PROFILE_SPECIFIER = "";
				SWIFT_OBJC_BRIDGING_HEADER = "MedableSandbox-Bridging-Header.h";
				SWIFT_VERSION = 4.0;
				TARGETED_DEVICE_FAMILY = "1,2";
			};
			name = Debug;
		};
		3A3C40BB2087C76B0082A44C /* Release */ = {
			isa = XCBuildConfiguration;
			baseConfigurationReference = F11807F3AC5FE6AB66EB63D9 /* Pods-MedableSandbox.release.xcconfig */;
			buildSettings = {
				ALWAYS_EMBED_SWIFT_STANDARD_LIBRARIES = YES;
				ASSETCATALOG_COMPILER_APPICON_NAME = AppIcon;
				"CODE_SIGN_IDENTITY[sdk=iphoneos*]" = "iPhone Developer";
				CODE_SIGN_STYLE = Manual;
				DEVELOPMENT_TEAM = "";
				INFOPLIST_FILE = MedableSandbox/Info.plist;
				LD_RUNPATH_SEARCH_PATHS = "$(inherited) @executable_path/Frameworks";
				PRODUCT_BUNDLE_IDENTIFIER = com.upenn.MedableSandbox;
				PRODUCT_NAME = "$(TARGET_NAME)";
				PROVISIONING_PROFILE_SPECIFIER = "";
				SWIFT_OBJC_BRIDGING_HEADER = "MedableSandbox-Bridging-Header.h";
				SWIFT_VERSION = 4.0;
				TARGETED_DEVICE_FAMILY = "1,2";
			};
			name = Release;
		};
		3A3C40BD2087C76B0082A44C /* Debug */ = {
			isa = XCBuildConfiguration;
			baseConfigurationReference = 9C50127B52C6907D1916C8AF /* Pods-MedableSandboxTests.debug.xcconfig */;
			buildSettings = {
				ALWAYS_EMBED_SWIFT_STANDARD_LIBRARIES = YES;
				BUNDLE_LOADER = "$(TEST_HOST)";
				CODE_SIGN_STYLE = Automatic;
				DEVELOPMENT_TEAM = QT5VQXC56T;
				INFOPLIST_FILE = MedableSandboxTests/Info.plist;
				LD_RUNPATH_SEARCH_PATHS = "$(inherited) @executable_path/Frameworks @loader_path/Frameworks";
				PRODUCT_BUNDLE_IDENTIFIER = com.upenn.MedableSandboxTests;
				PRODUCT_NAME = "$(TARGET_NAME)";
				SWIFT_VERSION = 4.0;
				TARGETED_DEVICE_FAMILY = "1,2";
				TEST_HOST = "$(BUILT_PRODUCTS_DIR)/MedableSandbox.app/MedableSandbox";
			};
			name = Debug;
		};
		3A3C40BE2087C76B0082A44C /* Release */ = {
			isa = XCBuildConfiguration;
			baseConfigurationReference = 18F5C7D1704B882DA2148D30 /* Pods-MedableSandboxTests.release.xcconfig */;
			buildSettings = {
				ALWAYS_EMBED_SWIFT_STANDARD_LIBRARIES = YES;
				BUNDLE_LOADER = "$(TEST_HOST)";
				CODE_SIGN_STYLE = Automatic;
				DEVELOPMENT_TEAM = QT5VQXC56T;
				INFOPLIST_FILE = MedableSandboxTests/Info.plist;
				LD_RUNPATH_SEARCH_PATHS = "$(inherited) @executable_path/Frameworks @loader_path/Frameworks";
				PRODUCT_BUNDLE_IDENTIFIER = com.upenn.MedableSandboxTests;
				PRODUCT_NAME = "$(TARGET_NAME)";
				SWIFT_VERSION = 4.0;
				TARGETED_DEVICE_FAMILY = "1,2";
				TEST_HOST = "$(BUILT_PRODUCTS_DIR)/MedableSandbox.app/MedableSandbox";
			};
			name = Release;
		};
		3A3C40C02087C76B0082A44C /* Debug */ = {
			isa = XCBuildConfiguration;
			baseConfigurationReference = DAF385EDE5A0FA85B0AB2FF7 /* Pods-MedableSandboxUITests.debug.xcconfig */;
			buildSettings = {
				ALWAYS_EMBED_SWIFT_STANDARD_LIBRARIES = YES;
				CODE_SIGN_STYLE = Automatic;
				DEVELOPMENT_TEAM = QT5VQXC56T;
				INFOPLIST_FILE = MedableSandboxUITests/Info.plist;
				LD_RUNPATH_SEARCH_PATHS = "$(inherited) @executable_path/Frameworks @loader_path/Frameworks";
				PRODUCT_BUNDLE_IDENTIFIER = com.upenn.MedableSandboxUITests;
				PRODUCT_NAME = "$(TARGET_NAME)";
				SWIFT_VERSION = 4.0;
				TARGETED_DEVICE_FAMILY = "1,2";
				TEST_TARGET_NAME = MedableSandbox;
			};
			name = Debug;
		};
		3A3C40C12087C76B0082A44C /* Release */ = {
			isa = XCBuildConfiguration;
			baseConfigurationReference = C16F80FD176529B01107E39E /* Pods-MedableSandboxUITests.release.xcconfig */;
			buildSettings = {
				ALWAYS_EMBED_SWIFT_STANDARD_LIBRARIES = YES;
				CODE_SIGN_STYLE = Automatic;
				DEVELOPMENT_TEAM = QT5VQXC56T;
				INFOPLIST_FILE = MedableSandboxUITests/Info.plist;
				LD_RUNPATH_SEARCH_PATHS = "$(inherited) @executable_path/Frameworks @loader_path/Frameworks";
				PRODUCT_BUNDLE_IDENTIFIER = com.upenn.MedableSandboxUITests;
				PRODUCT_NAME = "$(TARGET_NAME)";
				SWIFT_VERSION = 4.0;
				TARGETED_DEVICE_FAMILY = "1,2";
				TEST_TARGET_NAME = MedableSandbox;
			};
			name = Release;
		};
/* End XCBuildConfiguration section */

/* Begin XCConfigurationList section */
		3A3C408C2087C76A0082A44C /* Build configuration list for PBXProject "MedableSandbox" */ = {
			isa = XCConfigurationList;
			buildConfigurations = (
				3A3C40B72087C76B0082A44C /* Debug */,
				3A3C40B82087C76B0082A44C /* Release */,
			);
			defaultConfigurationIsVisible = 0;
			defaultConfigurationName = Release;
		};
		3A3C40B92087C76B0082A44C /* Build configuration list for PBXNativeTarget "MedableSandbox" */ = {
			isa = XCConfigurationList;
			buildConfigurations = (
				3A3C40BA2087C76B0082A44C /* Debug */,
				3A3C40BB2087C76B0082A44C /* Release */,
			);
			defaultConfigurationIsVisible = 0;
			defaultConfigurationName = Release;
		};
		3A3C40BC2087C76B0082A44C /* Build configuration list for PBXNativeTarget "MedableSandboxTests" */ = {
			isa = XCConfigurationList;
			buildConfigurations = (
				3A3C40BD2087C76B0082A44C /* Debug */,
				3A3C40BE2087C76B0082A44C /* Release */,
			);
			defaultConfigurationIsVisible = 0;
			defaultConfigurationName = Release;
		};
		3A3C40BF2087C76B0082A44C /* Build configuration list for PBXNativeTarget "MedableSandboxUITests" */ = {
			isa = XCConfigurationList;
			buildConfigurations = (
				3A3C40C02087C76B0082A44C /* Debug */,
				3A3C40C12087C76B0082A44C /* Release */,
			);
			defaultConfigurationIsVisible = 0;
			defaultConfigurationName = Release;
		};
/* End XCConfigurationList section */
	};
	rootObject = 3A3C40892087C76A0082A44C /* Project object */;
}
